
Microsoft Visual Studio Solution File, Format Version 12.00
# Visual Studio Version 17
VisualStudioVersion = 17.3.32901.215
MinimumVisualStudioVersion = 10.0.40219.1
Project("{FAE04EC0-301F-11D3-BF4B-00C04F79EFBC}") = "webapp", "webapp\webapp.csproj", "{3E65EFB6-2CB9-4C75-BCC6-6C5E21E76723}"
EndProject
Global
	GlobalSection(SolutionConfigurationPlatforms) = preSolution
		Debug|Any CPU = Debug|Any CPU
		Release|Any CPU = Release|Any CPU
	EndGlobalSection
	GlobalSection(ProjectConfigurationPlatforms) = postSolution
		{3E65EFB6-2CB9-4C75-BCC6-6C5E21E76723}.Debug|Any CPU.ActiveCfg = Debug|Any CPU
		{3E65EFB6-2CB9-4C75-BCC6-6C5E21E76723}.Debug|Any CPU.Build.0 = Debug|Any CPU
		{3E65EFB6-2CB9-4C75-BCC6-6C5E21E76723}.Release|Any CPU.ActiveCfg = Release|Any CPU
		{3E65EFB6-2CB9-4C75-BCC6-6C5E21E76723}.Release|Any CPU.Build.0 = Release|Any CPU
	EndGlobalSection
	GlobalSection(SolutionProperties) = preSolution
		HideSolutionNode = FALSE
	EndGlobalSection
	GlobalSection(ExtensibilityGlobals) = postSolution
		SolutionGuid = {E15D5986-C5F1-48C7-B5A3-D6A13CA8AFD0}
	EndGlobalSection
EndGlobal
